{
  "name": "strimlookers",
  "version": "1.0.0",
  "lockfileVersion": 1,
  "requires": true,
  "dependencies": {
    "pixi-particles": {
      "version": "2.1.9",
      "resolved": "https://registry.npmjs.org/pixi-particles/-/pixi-particles-2.1.9.tgz",
      "integrity": "sha1-QVC5IIt+Oegolnl/5MHX5hOHuvY="
    }
  }
}
